github.com/bign8/repository v0.0.0-20220908034139-7b59c645ade1 h1:0+7fKmZGpgMIetqt4qsNZ/luvrvBOmj1/5mO4oUYHis=
github.com/bign8/repository v0.0.0-20220908034139-7b59c645ade1/go.mod h1:bSKGBpdA7/3pE19kojmc1n6TfSq0SEtScG7ci3PXDuU=
github.com/kisielk/sqlstruct v0.0.0-20210630145711-dae28ed37023 h1:/pb3UJ+3ZtSEUKWnufwsoVF7f0AX5ytPULbTwHMgbq4=
github.com/kisielk/sqlstruct v0.0.0-20210630145711-dae28ed37023/go.mod h1:yyMNCyc/Ib3bDTKd379tNMpB/7/H5TjM2Y9QJ5THLbE=
